
Microsoft Visual Studio Solution File, Format Version 12.00
# Visual Studio Version 17
VisualStudioVersion = 17.8.34525.116
MinimumVisualStudioVersion = 10.0.40219.1
Project("{FAE04EC0-301F-11D3-BF4B-00C04F79EFBC}") = "WindowsFormsApp1", "WindowsFormsApp1\WindowsFormsApp1.csproj", "{392B028C-021A-4709-A13F-075B736B0EDE}"
EndProject
Global
	GlobalSection(SolutionConfigurationPlatforms) = preSolution
		Debug|Any CPU = Debug|Any CPU
		Release|Any CPU = Release|Any CPU
	EndGlobalSection
	GlobalSection(ProjectConfigurationPlatforms) = postSolution
		{392B028C-021A-4709-A13F-075B736B0EDE}.Debug|Any CPU.ActiveCfg = Debug|Any CPU
		{392B028C-021A-4709-A13F-075B736B0EDE}.Debug|Any CPU.Build.0 = Debug|Any CPU
		{392B028C-021A-4709-A13F-075B736B0EDE}.Release|Any CPU.ActiveCfg = Release|Any CPU
		{392B028C-021A-4709-A13F-075B736B0EDE}.Release|Any CPU.Build.0 = Release|Any CPU
	EndGlobalSection
	GlobalSection(SolutionProperties) = preSolution
		HideSolutionNode = FALSE
	EndGlobalSection
	GlobalSection(ExtensibilityGlobals) = postSolution
		SolutionGuid = {C88803EF-CE9C-495A-B01E-5185CA3C803E}
	EndGlobalSection
EndGlobal
